// !$*UTF8*$!
{
	archiveVersion = 1;
	classes = {
	};
	objectVersion = 46;
	objects = {

/* Begin PBXBuildFile section */
		7958883B5BC547AE99B768A9 /* libPods-Ryuk.a in Frameworks */ = {isa = PBXBuildFile; fileRef = 4F2A1492EDE872382379545B /* libPods-Ryuk.a */; };
		A414EB5D1EB09AD6006CA134 /* RYReStatuse.m in Sources */ = {isa = PBXBuildFile; fileRef = A414EB5C1EB09AD6006CA134 /* RYReStatuse.m */; };
		A414EB601EB18C24006CA134 /* RYStatuseReCommentView.m in Sources */ = {isa = PBXBuildFile; fileRef = A414EB5F1EB18C24006CA134 /* RYStatuseReCommentView.m */; };
		A414EB621EB1A082006CA134 /* AVFoundation.framework in Frameworks */ = {isa = PBXBuildFile; fileRef = A414EB611EB1A082006CA134 /* AVFoundation.framework */; };
		A414EB641EB1A0C5006CA134 /* AVKit.framework in Frameworks */ = {isa = PBXBuildFile; fileRef = A414EB631EB1A0C5006CA134 /* AVKit.framework */; };
		A414EB6B1EB1C32D006CA134 /* RYURLHelper.m in Sources */ = {isa = PBXBuildFile; fileRef = A414EB6A1EB1C32D006CA134 /* RYURLHelper.m */; };
		A42DAFC21EB97B2000097FC1 /* RYAvatarView.m in Sources */ = {isa = PBXBuildFile; fileRef = A42DAFC11EB97B2000097FC1 /* RYAvatarView.m */; };
		A4524DCC1EC055CB009DB7E4 /* RYReAndCommentController.m in Sources */ = {isa = PBXBuildFile; fileRef = A4524DCB1EC055CB009DB7E4 /* RYReAndCommentController.m */; };
		A4524DCF1EC05E0D009DB7E4 /* UIViewController+RYRouter.m in Sources */ = {isa = PBXBuildFile; fileRef = A4524DCE1EC05E0D009DB7E4 /* UIViewController+RYRouter.m */; };
		A4524DD21EC0788C009DB7E4 /* RYCommentListController.m in Sources */ = {isa = PBXBuildFile; fileRef = A4524DD11EC0788C009DB7E4 /* RYCommentListController.m */; };
		A4524DD51EC15F81009DB7E4 /* RYCommentListChildController.m in Sources */ = {isa = PBXBuildFile; fileRef = A4524DD41EC15F81009DB7E4 /* RYCommentListChildController.m */; };
		A4524DD81EC16FA5009DB7E4 /* RYStatuseCommentCell.m in Sources */ = {isa = PBXBuildFile; fileRef = A4524DD71EC16FA5009DB7E4 /* RYStatuseCommentCell.m */; };
		A45A79CA1EADA942004207C4 /* AppDelegate.m in Sources */ = {isa = PBXBuildFile; fileRef = A45A79C91EADA942004207C4 /* AppDelegate.m */; };
		A45A79CD1EADA995004207C4 /* RYMainTabBarController.m in Sources */ = {isa = PBXBuildFile; fileRef = A45A79CC1EADA995004207C4 /* RYMainTabBarController.m */; };
		A45A79D31EADA9FE004207C4 /* RYBaseNavigationController.m in Sources */ = {isa = PBXBuildFile; fileRef = A45A79D21EADA9FE004207C4 /* RYBaseNavigationController.m */; };
		A45A79D61EADAAAA004207C4 /* RYBaseConfig.m in Sources */ = {isa = PBXBuildFile; fileRef = A45A79D51EADAAAA004207C4 /* RYBaseConfig.m */; };
		A47EC1C71EBC526500569E15 /* RYPostToolBar.m in Sources */ = {isa = PBXBuildFile; fileRef = A47EC1C61EBC526500569E15 /* RYPostToolBar.m */; };
		A47EC1CB1EC008A000569E15 /* RYStatuseManager.m in Sources */ = {isa = PBXBuildFile; fileRef = A47EC1CA1EC008A000569E15 /* RYStatuseManager.m */; };
		A49876411EB0902400359766 /* RYImageBrowser.m in Sources */ = {isa = PBXBuildFile; fileRef = A49876381EB0902400359766 /* RYImageBrowser.m */; };
		A49876421EB0902400359766 /* RYImageBrowserInnerController.m in Sources */ = {isa = PBXBuildFile; fileRef = A498763A1EB0902400359766 /* RYImageBrowserInnerController.m */; };
		A49876431EB0902400359766 /* RYImageBrowserPageController.m in Sources */ = {isa = PBXBuildFile; fileRef = A498763C1EB0902400359766 /* RYImageBrowserPageController.m */; };
		A49876441EB0902400359766 /* RYImageBrowserScrollView.m in Sources */ = {isa = PBXBuildFile; fileRef = A498763E1EB0902400359766 /* RYImageBrowserScrollView.m */; };
		A49876451EB0902400359766 /* RYImageBrowserTransitionAnimator.m in Sources */ = {isa = PBXBuildFile; fileRef = A49876401EB0902400359766 /* RYImageBrowserTransitionAnimator.m */; };
		A498764B1EB0984000359766 /* RYImage.m in Sources */ = {isa = PBXBuildFile; fileRef = A498764A1EB0984000359766 /* RYImage.m */; };
		A4C8504C1EBAC479000A6235 /* RYImageScrollViewPageCell.m in Sources */ = {isa = PBXBuildFile; fileRef = A4C850471EBAC478000A6235 /* RYImageScrollViewPageCell.m */; };
		A4C8504D1EBAC479000A6235 /* RYImagesScrollPageView.m in Sources */ = {isa = PBXBuildFile; fileRef = A4C850491EBAC478000A6235 /* RYImagesScrollPageView.m */; };
		A4C8504E1EBAC479000A6235 /* RYImagesScrollView.m in Sources */ = {isa = PBXBuildFile; fileRef = A4C8504B1EBAC479000A6235 /* RYImagesScrollView.m */; };
		A4C850511EBB253C000A6235 /* RYUserCenterController.m in Sources */ = {isa = PBXBuildFile; fileRef = A4C850501EBB253C000A6235 /* RYUserCenterController.m */; };
		A4C850551EBB262D000A6235 /* RYRouter.m in Sources */ = {isa = PBXBuildFile; fileRef = A4C850541EBB262D000A6235 /* RYRouter.m */; };
		A4C850591EBC242B000A6235 /* RYPoster.m in Sources */ = {isa = PBXBuildFile; fileRef = A4C850581EBC242B000A6235 /* RYPoster.m */; };
		A4C8505C1EBC2534000A6235 /* RYPosterController.m in Sources */ = {isa = PBXBuildFile; fileRef = A4C8505B1EBC2534000A6235 /* RYPosterController.m */; };
		A4C9EFDE1EAD958B00DC6EAA /* main.m in Sources */ = {isa = PBXBuildFile; fileRef = A4C9EFDD1EAD958B00DC6EAA /* main.m */; };
		A4C9EFE91EAD958B00DC6EAA /* Assets.xcassets in Resources */ = {isa = PBXBuildFile; fileRef = A4C9EFE81EAD958B00DC6EAA /* Assets.xcassets */; };
		A4C9EFEC1EAD958B00DC6EAA /* LaunchScreen.storyboard in Resources */ = {isa = PBXBuildFile; fileRef = A4C9EFEA1EAD958B00DC6EAA /* LaunchScreen.storyboard */; };
		A4FC71671EB050B3009B245B /* RYFlowStatuseCell.m in Sources */ = {isa = PBXBuildFile; fileRef = A4FC71651EB050B3009B245B /* RYFlowStatuseCell.m */; };
		A4FE99DA1EADCDCA00BE84A7 /* RYCenterTabController.m in Sources */ = {isa = PBXBuildFile; fileRef = A4FE99D91EADCDCA00BE84A7 /* RYCenterTabController.m */; };
		A4FE99DD1EADCDE300BE84A7 /* RYFlowTabController.m in Sources */ = {isa = PBXBuildFile; fileRef = A4FE99DC1EADCDE300BE84A7 /* RYFlowTabController.m */; };
		A4FE99E01EADCDF900BE84A7 /* RYMessageTabController.m in Sources */ = {isa = PBXBuildFile; fileRef = A4FE99DF1EADCDF900BE84A7 /* RYMessageTabController.m */; };
		A4FE99E71EADD7B000BE84A7 /* RYLoginController.m in Sources */ = {isa = PBXBuildFile; fileRef = A4FE99E61EADD7B000BE84A7 /* RYLoginController.m */; };
		A4FE99EC1EADDAC100BE84A7 /* RYNetworkManager.m in Sources */ = {isa = PBXBuildFile; fileRef = A4FE99EB1EADDAC100BE84A7 /* RYNetworkManager.m */; };
		A4FE99F01EADED2200BE84A7 /* RYDefaults.m in Sources */ = {isa = PBXBuildFile; fileRef = A4FE99EF1EADED2200BE84A7 /* RYDefaults.m */; };
		A4FE99F31EAEED6200BE84A7 /* RYFlowPageModel.m in Sources */ = {isa = PBXBuildFile; fileRef = A4FE99F21EAEED6200BE84A7 /* RYFlowPageModel.m */; };
		A4FE99FA1EAEF05B00BE84A7 /* RYStatuse.m in Sources */ = {isa = PBXBuildFile; fileRef = A4FE99F91EAEF05B00BE84A7 /* RYStatuse.m */; };
		A4FE99FD1EAEF56F00BE84A7 /* RYUser.m in Sources */ = {isa = PBXBuildFile; fileRef = A4FE99FC1EAEF56F00BE84A7 /* RYUser.m */; };
		A4FE9A001EAEF59900BE84A7 /* RYGeo.m in Sources */ = {isa = PBXBuildFile; fileRef = A4FE99FF1EAEF59900BE84A7 /* RYGeo.m */; };
		A4FE9A031EAEF96100BE84A7 /* RYComment.m in Sources */ = {isa = PBXBuildFile; fileRef = A4FE9A021EAEF96100BE84A7 /* RYComment.m */; };
		A4FE9A061EAEF98000BE84A7 /* RYPrivacy.m in Sources */ = {isa = PBXBuildFile; fileRef = A4FE9A051EAEF98000BE84A7 /* RYPrivacy.m */; };
		A4FE9A091EAEF99600BE84A7 /* RYRemind.m in Sources */ = {isa = PBXBuildFile; fileRef = A4FE9A081EAEF99600BE84A7 /* RYRemind.m */; };
		A4FE9A0C1EAEF9BE00BE84A7 /* RYURLShort.m in Sources */ = {isa = PBXBuildFile; fileRef = A4FE9A0B1EAEF9BE00BE84A7 /* RYURLShort.m */; };
/* End PBXBuildFile section */

/* Begin PBXFileReference section */
		4F2A1492EDE872382379545B /* libPods-Ryuk.a */ = {isa = PBXFileReference; explicitFileType = archive.ar; includeInIndex = 0; path = "libPods-Ryuk.a"; sourceTree = BUILT_PRODUCTS_DIR; };
		789F30E5C89FDCBDD0B98CE2 /* Pods-Ryuk.debug.xcconfig */ = {isa = PBXFileReference; includeInIndex = 1; lastKnownFileType = text.xcconfig; name = "Pods-Ryuk.debug.xcconfig"; path = "Pods/Target Support Files/Pods-Ryuk/Pods-Ryuk.debug.xcconfig"; sourceTree = "<group>"; };
		A414EB5B1EB09AD6006CA134 /* RYReStatuse.h */ = {isa = PBXFileReference; fileEncoding = 4; lastKnownFileType = sourcecode.c.h; path = RYReStatuse.h; sourceTree = "<group>"; };
		A414EB5C1EB09AD6006CA134 /* RYReStatuse.m */ = {isa = PBXFileReference; fileEncoding = 4; lastKnownFileType = sourcecode.c.objc; path = RYReStatuse.m; sourceTree = "<group>"; };
		A414EB5E1EB18C24006CA134 /* RYStatuseReCommentView.h */ = {isa = PBXFileReference; fileEncoding = 4; lastKnownFileType = sourcecode.c.h; path = RYStatuseReCommentView.h; sourceTree = "<group>"; };
		A414EB5F1EB18C24006CA134 /* RYStatuseReCommentView.m */ = {isa = PBXFileReference; fileEncoding = 4; lastKnownFileType = sourcecode.c.objc; path = RYStatuseReCommentView.m; sourceTree = "<group>"; };
		A414EB611EB1A082006CA134 /* AVFoundation.framework */ = {isa = PBXFileReference; lastKnownFileType = wrapper.framework; name = AVFoundation.framework; path = System/Library/Frameworks/AVFoundation.framework; sourceTree = SDKROOT; };
		A414EB631EB1A0C5006CA134 /* AVKit.framework */ = {isa = PBXFileReference; lastKnownFileType = wrapper.framework; name = AVKit.framework; path = System/Library/Frameworks/AVKit.framework; sourceTree = SDKROOT; };
		A414EB691EB1C32D006CA134 /* RYURLHelper.h */ = {isa = PBXFileReference; fileEncoding = 4; lastKnownFileType = sourcecode.c.h; path = RYURLHelper.h; sourceTree = "<group>"; };
		A414EB6A1EB1C32D006CA134 /* RYURLHelper.m */ = {isa = PBXFileReference; fileEncoding = 4; lastKnownFileType = sourcecode.c.objc; path = RYURLHelper.m; sourceTree = "<group>"; };
		A42DAFC01EB97B2000097FC1 /* RYAvatarView.h */ = {isa = PBXFileReference; fileEncoding = 4; lastKnownFileType = sourcecode.c.h; path = RYAvatarView.h; sourceTree = "<group>"; };
		A42DAFC11EB97B2000097FC1 /* RYAvatarView.m */ = {isa = PBXFileReference; fileEncoding = 4; lastKnownFileType = sourcecode.c.objc; path = RYAvatarView.m; sourceTree = "<group>"; };
		A4524DCA1EC055CB009DB7E4 /* RYReAndCommentController.h */ = {isa = PBXFileReference; fileEncoding = 4; lastKnownFileType = sourcecode.c.h; path = RYReAndCommentController.h; sourceTree = "<group>"; };
		A4524DCB1EC055CB009DB7E4 /* RYReAndCommentController.m */ = {isa = PBXFileReference; fileEncoding = 4; lastKnownFileType = sourcecode.c.objc; path = RYReAndCommentController.m; sourceTree = "<group>"; };
		A4524DCD1EC05E0D009DB7E4 /* UIViewController+RYRouter.h */ = {isa = PBXFileReference; fileEncoding = 4; lastKnownFileType = sourcecode.c.h; path = "UIViewController+RYRouter.h"; sourceTree = "<group>"; };
		A4524DCE1EC05E0D009DB7E4 /* UIViewController+RYRouter.m */ = {isa = PBXFileReference; fileEncoding = 4; lastKnownFileType = sourcecode.c.objc; path = "UIViewController+RYRouter.m"; sourceTree = "<group>"; };
		A4524DD01EC0788C009DB7E4 /* RYCommentListController.h */ = {isa = PBXFileReference; fileEncoding = 4; lastKnownFileType = sourcecode.c.h; path = RYCommentListController.h; sourceTree = "<group>"; };
		A4524DD11EC0788C009DB7E4 /* RYCommentListController.m */ = {isa = PBXFileReference; fileEncoding = 4; lastKnownFileType = sourcecode.c.objc; path = RYCommentListController.m; sourceTree = "<group>"; };
		A4524DD31EC15F81009DB7E4 /* RYCommentListChildController.h */ = {isa = PBXFileReference; fileEncoding = 4; lastKnownFileType = sourcecode.c.h; path = RYCommentListChildController.h; sourceTree = "<group>"; };
		A4524DD41EC15F81009DB7E4 /* RYCommentListChildController.m */ = {isa = PBXFileReference; fileEncoding = 4; lastKnownFileType = sourcecode.c.objc; path = RYCommentListChildController.m; sourceTree = "<group>"; };
		A4524DD61EC16FA5009DB7E4 /* RYStatuseCommentCell.h */ = {isa = PBXFileReference; fileEncoding = 4; lastKnownFileType = sourcecode.c.h; path = RYStatuseCommentCell.h; sourceTree = "<group>"; };
		A4524DD71EC16FA5009DB7E4 /* RYStatuseCommentCell.m */ = {isa = PBXFileReference; fileEncoding = 4; lastKnownFileType = sourcecode.c.objc; path = RYStatuseCommentCell.m; sourceTree = "<group>"; };
		A45A79C81EADA942004207C4 /* AppDelegate.h */ = {isa = PBXFileReference; fileEncoding = 4; lastKnownFileType = sourcecode.c.h; path = AppDelegate.h; sourceTree = "<group>"; };
		A45A79C91EADA942004207C4 /* AppDelegate.m */ = {isa = PBXFileReference; fileEncoding = 4; lastKnownFileType = sourcecode.c.objc; path = AppDelegate.m; sourceTree = "<group>"; };
		A45A79CB1EADA995004207C4 /* RYMainTabBarController.h */ = {isa = PBXFileReference; fileEncoding = 4; lastKnownFileType = sourcecode.c.h; path = RYMainTabBarController.h; sourceTree = "<group>"; };
		A45A79CC1EADA995004207C4 /* RYMainTabBarController.m */ = {isa = PBXFileReference; fileEncoding = 4; lastKnownFileType = sourcecode.c.objc; path = RYMainTabBarController.m; sourceTree = "<group>"; };
		A45A79D11EADA9FE004207C4 /* RYBaseNavigationController.h */ = {isa = PBXFileReference; fileEncoding = 4; lastKnownFileType = sourcecode.c.h; path = RYBaseNavigationController.h; sourceTree = "<group>"; };
		A45A79D21EADA9FE004207C4 /* RYBaseNavigationController.m */ = {isa = PBXFileReference; fileEncoding = 4; lastKnownFileType = sourcecode.c.objc; path = RYBaseNavigationController.m; sourceTree = "<group>"; };
		A45A79D41EADAAAA004207C4 /* RYBaseConfig.h */ = {isa = PBXFileReference; fileEncoding = 4; lastKnownFileType = sourcecode.c.h; path = RYBaseConfig.h; sourceTree = "<group>"; };
		A45A79D51EADAAAA004207C4 /* RYBaseConfig.m */ = {isa = PBXFileReference; fileEncoding = 4; lastKnownFileType = sourcecode.c.objc; path = RYBaseConfig.m; sourceTree = "<group>"; };
		A47EC1C51EBC526500569E15 /* RYPostToolBar.h */ = {isa = PBXFileReference; fileEncoding = 4; lastKnownFileType = sourcecode.c.h; path = RYPostToolBar.h; sourceTree = "<group>"; };
		A47EC1C61EBC526500569E15 /* RYPostToolBar.m */ = {isa = PBXFileReference; fileEncoding = 4; lastKnownFileType = sourcecode.c.objc; path = RYPostToolBar.m; sourceTree = "<group>"; };
		A47EC1C91EC008A000569E15 /* RYStatuseManager.h */ = {isa = PBXFileReference; fileEncoding = 4; lastKnownFileType = sourcecode.c.h; path = RYStatuseManager.h; sourceTree = "<group>"; };
		A47EC1CA1EC008A000569E15 /* RYStatuseManager.m */ = {isa = PBXFileReference; fileEncoding = 4; lastKnownFileType = sourcecode.c.objc; path = RYStatuseManager.m; sourceTree = "<group>"; };
		A49876371EB0902400359766 /* RYImageBrowser.h */ = {isa = PBXFileReference; fileEncoding = 4; lastKnownFileType = sourcecode.c.h; path = RYImageBrowser.h; sourceTree = "<group>"; };
		A49876381EB0902400359766 /* RYImageBrowser.m */ = {isa = PBXFileReference; fileEncoding = 4; lastKnownFileType = sourcecode.c.objc; path = RYImageBrowser.m; sourceTree = "<group>"; };
		A49876391EB0902400359766 /* RYImageBrowserInnerController.h */ = {isa = PBXFileReference; fileEncoding = 4; lastKnownFileType = sourcecode.c.h; path = RYImageBrowserInnerController.h; sourceTree = "<group>"; };
		A498763A1EB0902400359766 /* RYImageBrowserInnerController.m */ = {isa = PBXFileReference; fileEncoding = 4; lastKnownFileType = sourcecode.c.objc; path = RYImageBrowserInnerController.m; sourceTree = "<group>"; };
		A498763B1EB0902400359766 /* RYImageBrowserPageController.h */ = {isa = PBXFileReference; fileEncoding = 4; lastKnownFileType = sourcecode.c.h; path = RYImageBrowserPageController.h; sourceTree = "<group>"; };
		A498763C1EB0902400359766 /* RYImageBrowserPageController.m */ = {isa = PBXFileReference; fileEncoding = 4; lastKnownFileType = sourcecode.c.objc; path = RYImageBrowserPageController.m; sourceTree = "<group>"; };
		A498763D1EB0902400359766 /* RYImageBrowserScrollView.h */ = {isa = PBXFileReference; fileEncoding = 4; lastKnownFileType = sourcecode.c.h; path = RYImageBrowserScrollView.h; sourceTree = "<group>"; };
		A498763E1EB0902400359766 /* RYImageBrowserScrollView.m */ = {isa = PBXFileReference; fileEncoding = 4; lastKnownFileType = sourcecode.c.objc; path = RYImageBrowserScrollView.m; sourceTree = "<group>"; };
		A498763F1EB0902400359766 /* RYImageBrowserTransitionAnimator.h */ = {isa = PBXFileReference; fileEncoding = 4; lastKnownFileType = sourcecode.c.h; path = RYImageBrowserTransitionAnimator.h; sourceTree = "<group>"; };
		A49876401EB0902400359766 /* RYImageBrowserTransitionAnimator.m */ = {isa = PBXFileReference; fileEncoding = 4; lastKnownFileType = sourcecode.c.objc; path = RYImageBrowserTransitionAnimator.m; sourceTree = "<group>"; };
		A49876491EB0984000359766 /* RYImage.h */ = {isa = PBXFileReference; fileEncoding = 4; lastKnownFileType = sourcecode.c.h; path = RYImage.h; sourceTree = "<group>"; };
		A498764A1EB0984000359766 /* RYImage.m */ = {isa = PBXFileReference; fileEncoding = 4; lastKnownFileType = sourcecode.c.objc; path = RYImage.m; sourceTree = "<group>"; };
		A4C850461EBAC478000A6235 /* RYImageScrollViewPageCell.h */ = {isa = PBXFileReference; fileEncoding = 4; lastKnownFileType = sourcecode.c.h; path = RYImageScrollViewPageCell.h; sourceTree = "<group>"; };
		A4C850471EBAC478000A6235 /* RYImageScrollViewPageCell.m */ = {isa = PBXFileReference; fileEncoding = 4; lastKnownFileType = sourcecode.c.objc; path = RYImageScrollViewPageCell.m; sourceTree = "<group>"; };
		A4C850481EBAC478000A6235 /* RYImagesScrollPageView.h */ = {isa = PBXFileReference; fileEncoding = 4; lastKnownFileType = sourcecode.c.h; path = RYImagesScrollPageView.h; sourceTree = "<group>"; };
		A4C850491EBAC478000A6235 /* RYImagesScrollPageView.m */ = {isa = PBXFileReference; fileEncoding = 4; lastKnownFileType = sourcecode.c.objc; path = RYImagesScrollPageView.m; sourceTree = "<group>"; };
		A4C8504A1EBAC479000A6235 /* RYImagesScrollView.h */ = {isa = PBXFileReference; fileEncoding = 4; lastKnownFileType = sourcecode.c.h; path = RYImagesScrollView.h; sourceTree = "<group>"; };
		A4C8504B1EBAC479000A6235 /* RYImagesScrollView.m */ = {isa = PBXFileReference; fileEncoding = 4; lastKnownFileType = sourcecode.c.objc; path = RYImagesScrollView.m; sourceTree = "<group>"; };
		A4C8504F1EBB253C000A6235 /* RYUserCenterController.h */ = {isa = PBXFileReference; fileEncoding = 4; lastKnownFileType = sourcecode.c.h; path = RYUserCenterController.h; sourceTree = "<group>"; };
		A4C850501EBB253C000A6235 /* RYUserCenterController.m */ = {isa = PBXFileReference; fileEncoding = 4; lastKnownFileType = sourcecode.c.objc; path = RYUserCenterController.m; sourceTree = "<group>"; };
		A4C850531EBB262D000A6235 /* RYRouter.h */ = {isa = PBXFileReference; fileEncoding = 4; lastKnownFileType = sourcecode.c.h; path = RYRouter.h; sourceTree = "<group>"; };
		A4C850541EBB262D000A6235 /* RYRouter.m */ = {isa = PBXFileReference; fileEncoding = 4; lastKnownFileType = sourcecode.c.objc; path = RYRouter.m; sourceTree = "<group>"; };
		A4C850571EBC242B000A6235 /* RYPoster.h */ = {isa = PBXFileReference; fileEncoding = 4; lastKnownFileType = sourcecode.c.h; path = RYPoster.h; sourceTree = "<group>"; };
		A4C850581EBC242B000A6235 /* RYPoster.m */ = {isa = PBXFileReference; fileEncoding = 4; lastKnownFileType = sourcecode.c.objc; path = RYPoster.m; sourceTree = "<group>"; };
		A4C8505A1EBC2534000A6235 /* RYPosterController.h */ = {isa = PBXFileReference; fileEncoding = 4; lastKnownFileType = sourcecode.c.h; path = RYPosterController.h; sourceTree = "<group>"; };
		A4C8505B1EBC2534000A6235 /* RYPosterController.m */ = {isa = PBXFileReference; fileEncoding = 4; lastKnownFileType = sourcecode.c.objc; path = RYPosterController.m; sourceTree = "<group>"; };
		A4C9EFD91EAD958B00DC6EAA /* Ryuk.app */ = {isa = PBXFileReference; explicitFileType = wrapper.application; includeInIndex = 0; path = Ryuk.app; sourceTree = BUILT_PRODUCTS_DIR; };
		A4C9EFDD1EAD958B00DC6EAA /* main.m */ = {isa = PBXFileReference; lastKnownFileType = sourcecode.c.objc; path = main.m; sourceTree = "<group>"; };
		A4C9EFE81EAD958B00DC6EAA /* Assets.xcassets */ = {isa = PBXFileReference; lastKnownFileType = folder.assetcatalog; path = Assets.xcassets; sourceTree = "<group>"; };
		A4C9EFEB1EAD958B00DC6EAA /* Base */ = {isa = PBXFileReference; lastKnownFileType = file.storyboard; name = Base; path = Base.lproj/LaunchScreen.storyboard; sourceTree = "<group>"; };
		A4C9EFED1EAD958B00DC6EAA /* Info.plist */ = {isa = PBXFileReference; lastKnownFileType = text.plist.xml; path = Info.plist; sourceTree = "<group>"; };
		A4FC71641EB050B3009B245B /* RYFlowStatuseCell.h */ = {isa = PBXFileReference; fileEncoding = 4; lastKnownFileType = sourcecode.c.h; path = RYFlowStatuseCell.h; sourceTree = "<group>"; };
		A4FC71651EB050B3009B245B /* RYFlowStatuseCell.m */ = {isa = PBXFileReference; fileEncoding = 4; lastKnownFileType = sourcecode.c.objc; path = RYFlowStatuseCell.m; sourceTree = "<group>"; };
		A4FE99D81EADCDCA00BE84A7 /* RYCenterTabController.h */ = {isa = PBXFileReference; fileEncoding = 4; lastKnownFileType = sourcecode.c.h; path = RYCenterTabController.h; sourceTree = "<group>"; };
		A4FE99D91EADCDCA00BE84A7 /* RYCenterTabController.m */ = {isa = PBXFileReference; fileEncoding = 4; lastKnownFileType = sourcecode.c.objc; path = RYCenterTabController.m; sourceTree = "<group>"; };
		A4FE99DB1EADCDE300BE84A7 /* RYFlowTabController.h */ = {isa = PBXFileReference; fileEncoding = 4; lastKnownFileType = sourcecode.c.h; path = RYFlowTabController.h; sourceTree = "<group>"; };
		A4FE99DC1EADCDE300BE84A7 /* RYFlowTabController.m */ = {isa = PBXFileReference; fileEncoding = 4; lastKnownFileType = sourcecode.c.objc; path = RYFlowTabController.m; sourceTree = "<group>"; };
		A4FE99DE1EADCDF900BE84A7 /* RYMessageTabController.h */ = {isa = PBXFileReference; fileEncoding = 4; lastKnownFileType = sourcecode.c.h; path = RYMessageTabController.h; sourceTree = "<group>"; };
		A4FE99DF1EADCDF900BE84A7 /* RYMessageTabController.m */ = {isa = PBXFileReference; fileEncoding = 4; lastKnownFileType = sourcecode.c.objc; path = RYMessageTabController.m; sourceTree = "<group>"; };
		A4FE99E51EADD7B000BE84A7 /* RYLoginController.h */ = {isa = PBXFileReference; fileEncoding = 4; lastKnownFileType = sourcecode.c.h; path = RYLoginController.h; sourceTree = "<group>"; };
		A4FE99E61EADD7B000BE84A7 /* RYLoginController.m */ = {isa = PBXFileReference; fileEncoding = 4; lastKnownFileType = sourcecode.c.objc; path = RYLoginController.m; sourceTree = "<group>"; };
		A4FE99EA1EADDAC100BE84A7 /* RYNetworkManager.h */ = {isa = PBXFileReference; fileEncoding = 4; lastKnownFileType = sourcecode.c.h; path = RYNetworkManager.h; sourceTree = "<group>"; };
		A4FE99EB1EADDAC100BE84A7 /* RYNetworkManager.m */ = {isa = PBXFileReference; fileEncoding = 4; lastKnownFileType = sourcecode.c.objc; path = RYNetworkManager.m; sourceTree = "<group>"; };
		A4FE99EE1EADED2200BE84A7 /* RYDefaults.h */ = {isa = PBXFileReference; fileEncoding = 4; lastKnownFileType = sourcecode.c.h; path = RYDefaults.h; sourceTree = "<group>"; };
		A4FE99EF1EADED2200BE84A7 /* RYDefaults.m */ = {isa = PBXFileReference; fileEncoding = 4; lastKnownFileType = sourcecode.c.objc; path = RYDefaults.m; sourceTree = "<group>"; };
		A4FE99F11EAEED6200BE84A7 /* RYFlowPageModel.h */ = {isa = PBXFileReference; fileEncoding = 4; lastKnownFileType = sourcecode.c.h; path = RYFlowPageModel.h; sourceTree = "<group>"; };
		A4FE99F21EAEED6200BE84A7 /* RYFlowPageModel.m */ = {isa = PBXFileReference; fileEncoding = 4; lastKnownFileType = sourcecode.c.objc; path = RYFlowPageModel.m; sourceTree = "<group>"; };
		A4FE99F81EAEF05B00BE84A7 /* RYStatuse.h */ = {isa = PBXFileReference; fileEncoding = 4; lastKnownFileType = sourcecode.c.h; path = RYStatuse.h; sourceTree = "<group>"; };
		A4FE99F91EAEF05B00BE84A7 /* RYStatuse.m */ = {isa = PBXFileReference; fileEncoding = 4; lastKnownFileType = sourcecode.c.objc; path = RYStatuse.m; sourceTree = "<group>"; };
		A4FE99FB1EAEF56F00BE84A7 /* RYUser.h */ = {isa = PBXFileReference; fileEncoding = 4; lastKnownFileType = sourcecode.c.h; path = RYUser.h; sourceTree = "<group>"; };
		A4FE99FC1EAEF56F00BE84A7 /* RYUser.m */ = {isa = PBXFileReference; fileEncoding = 4; lastKnownFileType = sourcecode.c.objc; path = RYUser.m; sourceTree = "<group>"; };
		A4FE99FE1EAEF59900BE84A7 /* RYGeo.h */ = {isa = PBXFileReference; fileEncoding = 4; lastKnownFileType = sourcecode.c.h; path = RYGeo.h; sourceTree = "<group>"; };
		A4FE99FF1EAEF59900BE84A7 /* RYGeo.m */ = {isa = PBXFileReference; fileEncoding = 4; lastKnownFileType = sourcecode.c.objc; path = RYGeo.m; sourceTree = "<group>"; };
		A4FE9A011EAEF96100BE84A7 /* RYComment.h */ = {isa = PBXFileReference; fileEncoding = 4; lastKnownFileType = sourcecode.c.h; path = RYComment.h; sourceTree = "<group>"; };
		A4FE9A021EAEF96100BE84A7 /* RYComment.m */ = {isa = PBXFileReference; fileEncoding = 4; lastKnownFileType = sourcecode.c.objc; path = RYComment.m; sourceTree = "<group>"; };
		A4FE9A041EAEF98000BE84A7 /* RYPrivacy.h */ = {isa = PBXFileReference; fileEncoding = 4; lastKnownFileType = sourcecode.c.h; path = RYPrivacy.h; sourceTree = "<group>"; };
		A4FE9A051EAEF98000BE84A7 /* RYPrivacy.m */ = {isa = PBXFileReference; fileEncoding = 4; lastKnownFileType = sourcecode.c.objc; path = RYPrivacy.m; sourceTree = "<group>"; };
		A4FE9A071EAEF99600BE84A7 /* RYRemind.h */ = {isa = PBXFileReference; fileEncoding = 4; lastKnownFileType = sourcecode.c.h; path = RYRemind.h; sourceTree = "<group>"; };
		A4FE9A081EAEF99600BE84A7 /* RYRemind.m */ = {isa = PBXFileReference; fileEncoding = 4; lastKnownFileType = sourcecode.c.objc; path = RYRemind.m; sourceTree = "<group>"; };
		A4FE9A0A1EAEF9BE00BE84A7 /* RYURLShort.h */ = {isa = PBXFileReference; fileEncoding = 4; lastKnownFileType = sourcecode.c.h; path = RYURLShort.h; sourceTree = "<group>"; };
		A4FE9A0B1EAEF9BE00BE84A7 /* RYURLShort.m */ = {isa = PBXFileReference; fileEncoding = 4; lastKnownFileType = sourcecode.c.objc; path = RYURLShort.m; sourceTree = "<group>"; };
		C395411A88D6E6D1FAB95F0E /* Pods-Ryuk.release.xcconfig */ = {isa = PBXFileReference; includeInIndex = 1; lastKnownFileType = text.xcconfig; name = "Pods-Ryuk.release.xcconfig"; path = "Pods/Target Support Files/Pods-Ryuk/Pods-Ryuk.release.xcconfig"; sourceTree = "<group>"; };
/* End PBXFileReference section */

/* Begin PBXFrameworksBuildPhase section */
		A4C9EFD61EAD958B00DC6EAA /* Frameworks */ = {
			isa = PBXFrameworksBuildPhase;
			buildActionMask = 2147483647;
			files = (
				A414EB641EB1A0C5006CA134 /* AVKit.framework in Frameworks */,
				A414EB621EB1A082006CA134 /* AVFoundation.framework in Frameworks */,
				7958883B5BC547AE99B768A9 /* libPods-Ryuk.a in Frameworks */,
			);
			runOnlyForDeploymentPostprocessing = 0;
		};
/* End PBXFrameworksBuildPhase section */

/* Begin PBXGroup section */
		23203E421B6ED73CED5CAAF8 /* Pods */ = {
			isa = PBXGroup;
			children = (
				789F30E5C89FDCBDD0B98CE2 /* Pods-Ryuk.debug.xcconfig */,
				C395411A88D6E6D1FAB95F0E /* Pods-Ryuk.release.xcconfig */,
			);
			name = Pods;
			sourceTree = "<group>";
		};
		3CECEE075C76EC8A889FA542 /* Frameworks */ = {
			isa = PBXGroup;
			children = (
				A414EB631EB1A0C5006CA134 /* AVKit.framework */,
				A414EB611EB1A082006CA134 /* AVFoundation.framework */,
				4F2A1492EDE872382379545B /* libPods-Ryuk.a */,
			);
			name = Frameworks;
			sourceTree = "<group>";
		};
		A42DAFBF1EB97B0100097FC1 /* RYAvatarView */ = {
			isa = PBXGroup;
			children = (
				A42DAFC01EB97B2000097FC1 /* RYAvatarView.h */,
				A42DAFC11EB97B2000097FC1 /* RYAvatarView.m */,
			);
			path = RYAvatarView;
			sourceTree = "<group>";
		};
		A45A79C71EADA90A004207C4 /* Main */ = {
			isa = PBXGroup;
			children = (
				A4FE99F71EAEF05B00BE84A7 /* Model */,
				A45A79C81EADA942004207C4 /* AppDelegate.h */,
				A45A79C91EADA942004207C4 /* AppDelegate.m */,
				A45A79CB1EADA995004207C4 /* RYMainTabBarController.h */,
				A45A79CC1EADA995004207C4 /* RYMainTabBarController.m */,
				A45A79D11EADA9FE004207C4 /* RYBaseNavigationController.h */,
				A45A79D21EADA9FE004207C4 /* RYBaseNavigationController.m */,
				A45A79D41EADAAAA004207C4 /* RYBaseConfig.h */,
				A45A79D51EADAAAA004207C4 /* RYBaseConfig.m */,
			);
			path = Main;
			sourceTree = "<group>";
		};
		A47EC1C81EC0087F00569E15 /* RYStatuseManager */ = {
			isa = PBXGroup;
			children = (
				A47EC1C91EC008A000569E15 /* RYStatuseManager.h */,
				A47EC1CA1EC008A000569E15 /* RYStatuseManager.m */,
				A4524DCA1EC055CB009DB7E4 /* RYReAndCommentController.h */,
				A4524DCB1EC055CB009DB7E4 /* RYReAndCommentController.m */,
			);
			path = RYStatuseManager;
			sourceTree = "<group>";
		};
		A49876361EB0902400359766 /* RYPhotosBrowser */ = {
			isa = PBXGroup;
			children = (
				A49876371EB0902400359766 /* RYImageBrowser.h */,
				A49876381EB0902400359766 /* RYImageBrowser.m */,
				A49876391EB0902400359766 /* RYImageBrowserInnerController.h */,
				A498763A1EB0902400359766 /* RYImageBrowserInnerController.m */,
				A498763B1EB0902400359766 /* RYImageBrowserPageController.h */,
				A498763C1EB0902400359766 /* RYImageBrowserPageController.m */,
				A498763D1EB0902400359766 /* RYImageBrowserScrollView.h */,
				A498763E1EB0902400359766 /* RYImageBrowserScrollView.m */,
				A498763F1EB0902400359766 /* RYImageBrowserTransitionAnimator.h */,
				A49876401EB0902400359766 /* RYImageBrowserTransitionAnimator.m */,
			);
			path = RYPhotosBrowser;
			sourceTree = "<group>";
		};
		A4C850451EBAC478000A6235 /* RYImagesScrollView */ = {
			isa = PBXGroup;
			children = (
				A4C850461EBAC478000A6235 /* RYImageScrollViewPageCell.h */,
				A4C850471EBAC478000A6235 /* RYImageScrollViewPageCell.m */,
				A4C850481EBAC478000A6235 /* RYImagesScrollPageView.h */,
				A4C850491EBAC478000A6235 /* RYImagesScrollPageView.m */,
				A4C8504A1EBAC479000A6235 /* RYImagesScrollView.h */,
				A4C8504B1EBAC479000A6235 /* RYImagesScrollView.m */,
			);
			path = RYImagesScrollView;
			sourceTree = "<group>";
		};
		A4C850521EBB2620000A6235 /* RYRouter */ = {
			isa = PBXGroup;
			children = (
				A4C850531EBB262D000A6235 /* RYRouter.h */,
				A4C850541EBB262D000A6235 /* RYRouter.m */,
				A4524DCD1EC05E0D009DB7E4 /* UIViewController+RYRouter.h */,
				A4524DCE1EC05E0D009DB7E4 /* UIViewController+RYRouter.m */,
			);
			path = RYRouter;
			sourceTree = "<group>";
		};
		A4C850561EBC2417000A6235 /* RYPoster */ = {
			isa = PBXGroup;
			children = (
				A4C850571EBC242B000A6235 /* RYPoster.h */,
				A4C850581EBC242B000A6235 /* RYPoster.m */,
				A4C8505A1EBC2534000A6235 /* RYPosterController.h */,
				A4C8505B1EBC2534000A6235 /* RYPosterController.m */,
				A47EC1C51EBC526500569E15 /* RYPostToolBar.h */,
				A47EC1C61EBC526500569E15 /* RYPostToolBar.m */,
			);
			path = RYPoster;
			sourceTree = "<group>";
		};
		A4C9EFD01EAD958B00DC6EAA = {
			isa = PBXGroup;
			children = (
				A4C9EFDB1EAD958B00DC6EAA /* Ryuk */,
				A4C9EFDA1EAD958B00DC6EAA /* Products */,
				23203E421B6ED73CED5CAAF8 /* Pods */,
				3CECEE075C76EC8A889FA542 /* Frameworks */,
			);
			sourceTree = "<group>";
		};
		A4C9EFDA1EAD958B00DC6EAA /* Products */ = {
			isa = PBXGroup;
			children = (
				A4C9EFD91EAD958B00DC6EAA /* Ryuk.app */,
			);
			name = Products;
			sourceTree = "<group>";
		};
		A4C9EFDB1EAD958B00DC6EAA /* Ryuk */ = {
			isa = PBXGroup;
			children = (
				A4FE99E81EADDAAC00BE84A7 /* Components */,
				A4FE99E11EADD78200BE84A7 /* Login */,
				A4FE99CD1EADCD3D00BE84A7 /* Center */,
				A4FE99CE1EADCD3D00BE84A7 /* Message */,
				A4FE99CC1EADCCC700BE84A7 /* Flow */,
				A45A79C71EADA90A004207C4 /* Main */,
				A4C9EFDC1EAD958B00DC6EAA /* Supporting Files */,
			);
			path = Ryuk;
			sourceTree = "<group>";
		};
		A4C9EFDC1EAD958B00DC6EAA /* Supporting Files */ = {
			isa = PBXGroup;
			children = (
				A4C9EFE81EAD958B00DC6EAA /* Assets.xcassets */,
				A4C9EFEA1EAD958B00DC6EAA /* LaunchScreen.storyboard */,
				A4C9EFED1EAD958B00DC6EAA /* Info.plist */,
				A4C9EFDD1EAD958B00DC6EAA /* main.m */,
			);
			name = "Supporting Files";
			sourceTree = "<group>";
		};
		A4FE99CC1EADCCC700BE84A7 /* Flow */ = {
			isa = PBXGroup;
			children = (
				A4FE99D51EADCD9300BE84A7 /* Model */,
				A4FE99D61EADCD9300BE84A7 /* View */,
				A4FE99D71EADCD9300BE84A7 /* Controller */,
			);
			path = Flow;
			sourceTree = "<group>";
		};
		A4FE99CD1EADCD3D00BE84A7 /* Center */ = {
			isa = PBXGroup;
			children = (
				A4FE99CF1EADCD8500BE84A7 /* Model */,
				A4FE99D01EADCD8500BE84A7 /* View */,
				A4FE99D11EADCD8500BE84A7 /* Controller */,
			);
			path = Center;
			sourceTree = "<group>";
		};
		A4FE99CE1EADCD3D00BE84A7 /* Message */ = {
			isa = PBXGroup;
			children = (
				A4FE99D21EADCD8C00BE84A7 /* Model */,
				A4FE99D31EADCD8C00BE84A7 /* View */,
				A4FE99D41EADCD8C00BE84A7 /* Controller */,
			);
			path = Message;
			sourceTree = "<group>";
		};
		A4FE99CF1EADCD8500BE84A7 /* Model */ = {
			isa = PBXGroup;
			children = (
			);
			path = Model;
			sourceTree = "<group>";
		};
		A4FE99D01EADCD8500BE84A7 /* View */ = {
			isa = PBXGroup;
			children = (
			);
			path = View;
			sourceTree = "<group>";
		};
		A4FE99D11EADCD8500BE84A7 /* Controller */ = {
			isa = PBXGroup;
			children = (
				A4FE99D81EADCDCA00BE84A7 /* RYCenterTabController.h */,
				A4FE99D91EADCDCA00BE84A7 /* RYCenterTabController.m */,
				A4C8504F1EBB253C000A6235 /* RYUserCenterController.h */,
				A4C850501EBB253C000A6235 /* RYUserCenterController.m */,
			);
			path = Controller;
			sourceTree = "<group>";
		};
		A4FE99D21EADCD8C00BE84A7 /* Model */ = {
			isa = PBXGroup;
			children = (
			);
			path = Model;
			sourceTree = "<group>";
		};
		A4FE99D31EADCD8C00BE84A7 /* View */ = {
			isa = PBXGroup;
			children = (
			);
			path = View;
			sourceTree = "<group>";
		};
		A4FE99D41EADCD8C00BE84A7 /* Controller */ = {
			isa = PBXGroup;
			children = (
				A4FE99DE1EADCDF900BE84A7 /* RYMessageTabController.h */,
				A4FE99DF1EADCDF900BE84A7 /* RYMessageTabController.m */,
			);
			path = Controller;
			sourceTree = "<group>";
		};
		A4FE99D51EADCD9300BE84A7 /* Model */ = {
			isa = PBXGroup;
			children = (
				A4FE99F11EAEED6200BE84A7 /* RYFlowPageModel.h */,
				A4FE99F21EAEED6200BE84A7 /* RYFlowPageModel.m */,
			);
			path = Model;
			sourceTree = "<group>";
		};
		A4FE99D61EADCD9300BE84A7 /* View */ = {
			isa = PBXGroup;
			children = (
				A4FC71641EB050B3009B245B /* RYFlowStatuseCell.h */,
				A4FC71651EB050B3009B245B /* RYFlowStatuseCell.m */,
				A414EB5E1EB18C24006CA134 /* RYStatuseReCommentView.h */,
				A414EB5F1EB18C24006CA134 /* RYStatuseReCommentView.m */,
				A4524DD61EC16FA5009DB7E4 /* RYStatuseCommentCell.h */,
				A4524DD71EC16FA5009DB7E4 /* RYStatuseCommentCell.m */,
			);
			path = View;
			sourceTree = "<group>";
		};
		A4FE99D71EADCD9300BE84A7 /* Controller */ = {
			isa = PBXGroup;
			children = (
				A4FE99DB1EADCDE300BE84A7 /* RYFlowTabController.h */,
				A4FE99DC1EADCDE300BE84A7 /* RYFlowTabController.m */,
				A4524DD01EC0788C009DB7E4 /* RYCommentListController.h */,
				A4524DD11EC0788C009DB7E4 /* RYCommentListController.m */,
				A4524DD31EC15F81009DB7E4 /* RYCommentListChildController.h */,
				A4524DD41EC15F81009DB7E4 /* RYCommentListChildController.m */,
			);
			path = Controller;
			sourceTree = "<group>";
		};
		A4FE99E11EADD78200BE84A7 /* Login */ = {
			isa = PBXGroup;
			children = (
				A4FE99E21EADD78200BE84A7 /* Controller */,
				A4FE99E31EADD78200BE84A7 /* Model */,
				A4FE99E41EADD78200BE84A7 /* View */,
			);
			path = Login;
			sourceTree = "<group>";
		};
		A4FE99E21EADD78200BE84A7 /* Controller */ = {
			isa = PBXGroup;
			children = (
				A4FE99E51EADD7B000BE84A7 /* RYLoginController.h */,
				A4FE99E61EADD7B000BE84A7 /* RYLoginController.m */,
			);
			path = Controller;
			sourceTree = "<group>";
		};
		A4FE99E31EADD78200BE84A7 /* Model */ = {
			isa = PBXGroup;
			children = (
			);
			path = Model;
			sourceTree = "<group>";
		};
		A4FE99E41EADD78200BE84A7 /* View */ = {
			isa = PBXGroup;
			children = (
			);
			path = View;
			sourceTree = "<group>";
		};
		A4FE99E81EADDAAC00BE84A7 /* Components */ = {
			isa = PBXGroup;
			children = (
				A47EC1C81EC0087F00569E15 /* RYStatuseManager */,
				A4C850561EBC2417000A6235 /* RYPoster */,
				A4C850521EBB2620000A6235 /* RYRouter */,
				A4C850451EBAC478000A6235 /* RYImagesScrollView */,
				A42DAFBF1EB97B0100097FC1 /* RYAvatarView */,
				A49876361EB0902400359766 /* RYPhotosBrowser */,
				A4FE99ED1EADED1100BE84A7 /* RYDefaults */,
				A4FE99E91EADDAAC00BE84A7 /* RYNetworkManager */,
			);
			path = Components;
			sourceTree = "<group>";
		};
		A4FE99E91EADDAAC00BE84A7 /* RYNetworkManager */ = {
			isa = PBXGroup;
			children = (
				A4FE99EA1EADDAC100BE84A7 /* RYNetworkManager.h */,
				A4FE99EB1EADDAC100BE84A7 /* RYNetworkManager.m */,
				A414EB691EB1C32D006CA134 /* RYURLHelper.h */,
				A414EB6A1EB1C32D006CA134 /* RYURLHelper.m */,
			);
			path = RYNetworkManager;
			sourceTree = "<group>";
		};
		A4FE99ED1EADED1100BE84A7 /* RYDefaults */ = {
			isa = PBXGroup;
			children = (
				A4FE99EE1EADED2200BE84A7 /* RYDefaults.h */,
				A4FE99EF1EADED2200BE84A7 /* RYDefaults.m */,
			);
			path = RYDefaults;
			sourceTree = "<group>";
		};
		A4FE99F71EAEF05B00BE84A7 /* Model */ = {
			isa = PBXGroup;
			children = (
				A4FE99F81EAEF05B00BE84A7 /* RYStatuse.h */,
				A4FE99F91EAEF05B00BE84A7 /* RYStatuse.m */,
				A4FE99FB1EAEF56F00BE84A7 /* RYUser.h */,
				A4FE99FC1EAEF56F00BE84A7 /* RYUser.m */,
				A4FE99FE1EAEF59900BE84A7 /* RYGeo.h */,
				A4FE99FF1EAEF59900BE84A7 /* RYGeo.m */,
				A4FE9A011EAEF96100BE84A7 /* RYComment.h */,
				A4FE9A021EAEF96100BE84A7 /* RYComment.m */,
				A4FE9A041EAEF98000BE84A7 /* RYPrivacy.h */,
				A4FE9A051EAEF98000BE84A7 /* RYPrivacy.m */,
				A4FE9A071EAEF99600BE84A7 /* RYRemind.h */,
				A4FE9A081EAEF99600BE84A7 /* RYRemind.m */,
				A4FE9A0A1EAEF9BE00BE84A7 /* RYURLShort.h */,
				A4FE9A0B1EAEF9BE00BE84A7 /* RYURLShort.m */,
				A49876491EB0984000359766 /* RYImage.h */,
				A498764A1EB0984000359766 /* RYImage.m */,
				A414EB5B1EB09AD6006CA134 /* RYReStatuse.h */,
				A414EB5C1EB09AD6006CA134 /* RYReStatuse.m */,
			);
			path = Model;
			sourceTree = "<group>";
		};
/* End PBXGroup section */

/* Begin PBXNativeTarget section */
		A4C9EFD81EAD958B00DC6EAA /* Ryuk */ = {
			isa = PBXNativeTarget;
			buildConfigurationList = A4C9EFF01EAD958B00DC6EAA /* Build configuration list for PBXNativeTarget "Ryuk" */;
			buildPhases = (
				1C547F133A33A9456042AF1F /* [CP] Check Pods Manifest.lock */,
				A4C9EFD51EAD958B00DC6EAA /* Sources */,
				A4C9EFD61EAD958B00DC6EAA /* Frameworks */,
				A4C9EFD71EAD958B00DC6EAA /* Resources */,
				592EDC9051769430D214402B /* [CP] Embed Pods Frameworks */,
				2DE9C0A132102B6D6C336EC5 /* [CP] Copy Pods Resources */,
			);
			buildRules = (
			);
			dependencies = (
			);
			name = Ryuk;
			productName = Ryuk;
			productReference = A4C9EFD91EAD958B00DC6EAA /* Ryuk.app */;
			productType = "com.apple.product-type.application";
		};
/* End PBXNativeTarget section */

/* Begin PBXProject section */
		A4C9EFD11EAD958B00DC6EAA /* Project object */ = {
			isa = PBXProject;
			attributes = {
				CLASSPREFIX = RY;
				LastUpgradeCheck = 0830;
				ORGANIZATIONNAME = RyukieSama;
				TargetAttributes = {
					A4C9EFD81EAD958B00DC6EAA = {
						CreatedOnToolsVersion = 8.3;
						DevelopmentTeam = DE9LJ533VH;
						ProvisioningStyle = Automatic;
					};
				};
			};
			buildConfigurationList = A4C9EFD41EAD958B00DC6EAA /* Build configuration list for PBXProject "Ryuk" */;
			compatibilityVersion = "Xcode 3.2";
			developmentRegion = English;
			hasScannedForEncodings = 0;
			knownRegions = (
				en,
				Base,
			);
			mainGroup = A4C9EFD01EAD958B00DC6EAA;
			productRefGroup = A4C9EFDA1EAD958B00DC6EAA /* Products */;
			projectDirPath = "";
			projectRoot = "";
			targets = (
				A4C9EFD81EAD958B00DC6EAA /* Ryuk */,
			);
		};
/* End PBXProject section */

/* Begin PBXResourcesBuildPhase section */
		A4C9EFD71EAD958B00DC6EAA /* Resources */ = {
			isa = PBXResourcesBuildPhase;
			buildActionMask = 2147483647;
			files = (
				A4C9EFEC1EAD958B00DC6EAA /* LaunchScreen.storyboard in Resources */,
				A4C9EFE91EAD958B00DC6EAA /* Assets.xcassets in Resources */,
			);
			runOnlyForDeploymentPostprocessing = 0;
		};
/* End PBXResourcesBuildPhase section */

/* Begin PBXShellScriptBuildPhase section */
		1C547F133A33A9456042AF1F /* [CP] Check Pods Manifest.lock */ = {
			isa = PBXShellScriptBuildPhase;
			buildActionMask = 2147483647;
			files = (
			);
			inputPaths = (
			);
			name = "[CP] Check Pods Manifest.lock";
			outputPaths = (
			);
			runOnlyForDeploymentPostprocessing = 0;
			shellPath = /bin/sh;
			shellScript = "diff \"${PODS_ROOT}/../Podfile.lock\" \"${PODS_ROOT}/Manifest.lock\" > /dev/null\nif [ $? != 0 ] ; then\n    # print error to STDERR\n    echo \"error: The sandbox is not in sync with the Podfile.lock. Run 'pod install' or update your CocoaPods installation.\" >&2\n    exit 1\nfi\n";
			showEnvVarsInLog = 0;
		};
		2DE9C0A132102B6D6C336EC5 /* [CP] Copy Pods Resources */ = {
			isa = PBXShellScriptBuildPhase;
			buildActionMask = 2147483647;
			files = (
			);
			inputPaths = (
			);
			name = "[CP] Copy Pods Resources";
			outputPaths = (
			);
			runOnlyForDeploymentPostprocessing = 0;
			shellPath = /bin/sh;
			shellScript = "\"${SRCROOT}/Pods/Target Support Files/Pods-Ryuk/Pods-Ryuk-resources.sh\"\n";
			showEnvVarsInLog = 0;
		};
		592EDC9051769430D214402B /* [CP] Embed Pods Frameworks */ = {
			isa = PBXShellScriptBuildPhase;
			buildActionMask = 2147483647;
			files = (
			);
			inputPaths = (
			);
			name = "[CP] Embed Pods Frameworks";
			outputPaths = (
			);
			runOnlyForDeploymentPostprocessing = 0;
			shellPath = /bin/sh;
			shellScript = "\"${SRCROOT}/Pods/Target Support Files/Pods-Ryuk/Pods-Ryuk-frameworks.sh\"\n";
			showEnvVarsInLog = 0;
		};
/* End PBXShellScriptBuildPhase section */

/* Begin PBXSourcesBuildPhase section */
		A4C9EFD51EAD958B00DC6EAA /* Sources */ = {
			isa = PBXSourcesBuildPhase;
			buildActionMask = 2147483647;
			files = (
				A4524DD81EC16FA5009DB7E4 /* RYStatuseCommentCell.m in Sources */,
				A414EB601EB18C24006CA134 /* RYStatuseReCommentView.m in Sources */,
				A47EC1CB1EC008A000569E15 /* RYStatuseManager.m in Sources */,
				A4FE9A001EAEF59900BE84A7 /* RYGeo.m in Sources */,
				A49876421EB0902400359766 /* RYImageBrowserInnerController.m in Sources */,
				A4C8504E1EBAC479000A6235 /* RYImagesScrollView.m in Sources */,
				A4C8505C1EBC2534000A6235 /* RYPosterController.m in Sources */,
				A4524DD51EC15F81009DB7E4 /* RYCommentListChildController.m in Sources */,
				A45A79CA1EADA942004207C4 /* AppDelegate.m in Sources */,
				A414EB5D1EB09AD6006CA134 /* RYReStatuse.m in Sources */,
				A4FE99F31EAEED6200BE84A7 /* RYFlowPageModel.m in Sources */,
				A4FE9A091EAEF99600BE84A7 /* RYRemind.m in Sources */,
				A4524DD21EC0788C009DB7E4 /* RYCommentListController.m in Sources */,
				A49876451EB0902400359766 /* RYImageBrowserTransitionAnimator.m in Sources */,
				A49876411EB0902400359766 /* RYImageBrowser.m in Sources */,
				A4FE99F01EADED2200BE84A7 /* RYDefaults.m in Sources */,
				A4FE9A031EAEF96100BE84A7 /* RYComment.m in Sources */,
				A4FE99FD1EAEF56F00BE84A7 /* RYUser.m in Sources */,
				A4FE99DA1EADCDCA00BE84A7 /* RYCenterTabController.m in Sources */,
				A4FE99FA1EAEF05B00BE84A7 /* RYStatuse.m in Sources */,
				A4524DCC1EC055CB009DB7E4 /* RYReAndCommentController.m in Sources */,
				A45A79D61EADAAAA004207C4 /* RYBaseConfig.m in Sources */,
				A4FE99E71EADD7B000BE84A7 /* RYLoginController.m in Sources */,
				A45A79D31EADA9FE004207C4 /* RYBaseNavigationController.m in Sources */,
				A49876441EB0902400359766 /* RYImageBrowserScrollView.m in Sources */,
				A47EC1C71EBC526500569E15 /* RYPostToolBar.m in Sources */,
				A498764B1EB0984000359766 /* RYImage.m in Sources */,
				A4C850511EBB253C000A6235 /* RYUserCenterController.m in Sources */,
				A4C850551EBB262D000A6235 /* RYRouter.m in Sources */,
				A4FE99EC1EADDAC100BE84A7 /* RYNetworkManager.m in Sources */,
				A4FE99DD1EADCDE300BE84A7 /* RYFlowTabController.m in Sources */,
				A4524DCF1EC05E0D009DB7E4 /* UIViewController+RYRouter.m in Sources */,
				A4FC71671EB050B3009B245B /* RYFlowStatuseCell.m in Sources */,
				A45A79CD1EADA995004207C4 /* RYMainTabBarController.m in Sources */,
				A4FE9A061EAEF98000BE84A7 /* RYPrivacy.m in Sources */,
				A4C8504D1EBAC479000A6235 /* RYImagesScrollPageView.m in Sources */,
				A4C8504C1EBAC479000A6235 /* RYImageScrollViewPageCell.m in Sources */,
				A4C850591EBC242B000A6235 /* RYPoster.m in Sources */,
				A4FE9A0C1EAEF9BE00BE84A7 /* RYURLShort.m in Sources */,
				A4FE99E01EADCDF900BE84A7 /* RYMessageTabController.m in Sources */,
				A42DAFC21EB97B2000097FC1 /* RYAvatarView.m in Sources */,
				A4C9EFDE1EAD958B00DC6EAA /* main.m in Sources */,
				A49876431EB0902400359766 /* RYImageBrowserPageController.m in Sources */,
				A414EB6B1EB1C32D006CA134 /* RYURLHelper.m in Sources */,
			);
			runOnlyForDeploymentPostprocessing = 0;
		};
/* End PBXSourcesBuildPhase section */

/* Begin PBXVariantGroup section */
		A4C9EFEA1EAD958B00DC6EAA /* LaunchScreen.storyboard */ = {
			isa = PBXVariantGroup;
			children = (
				A4C9EFEB1EAD958B00DC6EAA /* Base */,
			);
			name = LaunchScreen.storyboard;
			sourceTree = "<group>";
		};
/* End PBXVariantGroup section */

/* Begin XCBuildConfiguration section */
		A4C9EFEE1EAD958B00DC6EAA /* Debug */ = {
			isa = XCBuildConfiguration;
			buildSettings = {
				ALWAYS_SEARCH_USER_PATHS = NO;
				CLANG_ANALYZER_NONNULL = YES;
				CLANG_ANALYZER_NUMBER_OBJECT_CONVERSION = YES_AGGRESSIVE;
				CLANG_CXX_LANGUAGE_STANDARD = "gnu++0x";
				CLANG_CXX_LIBRARY = "libc++";
				CLANG_ENABLE_MODULES = YES;
				CLANG_ENABLE_OBJC_ARC = YES;
				CLANG_WARN_BOOL_CONVERSION = YES;
				CLANG_WARN_CONSTANT_CONVERSION = YES;
				CLANG_WARN_DIRECT_OBJC_ISA_USAGE = YES_ERROR;
				CLANG_WARN_DOCUMENTATION_COMMENTS = YES;
				CLANG_WARN_EMPTY_BODY = YES;
				CLANG_WARN_ENUM_CONVERSION = YES;
				CLANG_WARN_INFINITE_RECURSION = YES;
				CLANG_WARN_INT_CONVERSION = YES;
				CLANG_WARN_OBJC_ROOT_CLASS = YES_ERROR;
				CLANG_WARN_SUSPICIOUS_MOVE = YES;
				CLANG_WARN_UNREACHABLE_CODE = YES;
				CLANG_WARN__DUPLICATE_METHOD_MATCH = YES;
				"CODE_SIGN_IDENTITY[sdk=iphoneos*]" = "iPhone Developer";
				COPY_PHASE_STRIP = NO;
				DEBUG_INFORMATION_FORMAT = dwarf;
				ENABLE_STRICT_OBJC_MSGSEND = YES;
				ENABLE_TESTABILITY = YES;
				GCC_C_LANGUAGE_STANDARD = gnu99;
				GCC_DYNAMIC_NO_PIC = NO;
				GCC_NO_COMMON_BLOCKS = YES;
				GCC_OPTIMIZATION_LEVEL = 0;
				GCC_PREPROCESSOR_DEFINITIONS = (
					"DEBUG=1",
					"$(inherited)",
				);
				GCC_WARN_64_TO_32_BIT_CONVERSION = YES;
				GCC_WARN_ABOUT_RETURN_TYPE = YES_ERROR;
				GCC_WARN_UNDECLARED_SELECTOR = YES;
				GCC_WARN_UNINITIALIZED_AUTOS = YES_AGGRESSIVE;
				GCC_WARN_UNUSED_FUNCTION = YES;
				GCC_WARN_UNUSED_VARIABLE = YES;
				IPHONEOS_DEPLOYMENT_TARGET = 10.3;
				MTL_ENABLE_DEBUG_INFO = YES;
				ONLY_ACTIVE_ARCH = YES;
				SDKROOT = iphoneos;
			};
			name = Debug;
		};
		A4C9EFEF1EAD958B00DC6EAA /* Release */ = {
			isa = XCBuildConfiguration;
			buildSettings = {
				ALWAYS_SEARCH_USER_PATHS = NO;
				CLANG_ANALYZER_NONNULL = YES;
				CLANG_ANALYZER_NUMBER_OBJECT_CONVERSION = YES_AGGRESSIVE;
				CLANG_CXX_LANGUAGE_STANDARD = "gnu++0x";
				CLANG_CXX_LIBRARY = "libc++";
				CLANG_ENABLE_MODULES = YES;
				CLANG_ENABLE_OBJC_ARC = YES;
				CLANG_WARN_BOOL_CONVERSION = YES;
				CLANG_WARN_CONSTANT_CONVERSION = YES;
				CLANG_WARN_DIRECT_OBJC_ISA_USAGE = YES_ERROR;
				CLANG_WARN_DOCUMENTATION_COMMENTS = YES;
				CLANG_WARN_EMPTY_BODY = YES;
				CLANG_WARN_ENUM_CONVERSION = YES;
				CLANG_WARN_INFINITE_RECURSION = YES;
				CLANG_WARN_INT_CONVERSION = YES;
				CLANG_WARN_OBJC_ROOT_CLASS = YES_ERROR;
				CLANG_WARN_SUSPICIOUS_MOVE = YES;
				CLANG_WARN_UNREACHABLE_CODE = YES;
				CLANG_WARN__DUPLICATE_METHOD_MATCH = YES;
				"CODE_SIGN_IDENTITY[sdk=iphoneos*]" = "iPhone Developer";
				COPY_PHASE_STRIP = NO;
				DEBUG_INFORMATION_FORMAT = "dwarf-with-dsym";
				ENABLE_NS_ASSERTIONS = NO;
				ENABLE_STRICT_OBJC_MSGSEND = YES;
				GCC_C_LANGUAGE_STANDARD = gnu99;
				GCC_NO_COMMON_BLOCKS = YES;
				GCC_WARN_64_TO_32_BIT_CONVERSION = YES;
				GCC_WARN_ABOUT_RETURN_TYPE = YES_ERROR;
				GCC_WARN_UNDECLARED_SELECTOR = YES;
				GCC_WARN_UNINITIALIZED_AUTOS = YES_AGGRESSIVE;
				GCC_WARN_UNUSED_FUNCTION = YES;
				GCC_WARN_UNUSED_VARIABLE = YES;
				IPHONEOS_DEPLOYMENT_TARGET = 10.3;
				MTL_ENABLE_DEBUG_INFO = NO;
				SDKROOT = iphoneos;
				VALIDATE_PRODUCT = YES;
			};
			name = Release;
		};
		A4C9EFF11EAD958B00DC6EAA /* Debug */ = {
			isa = XCBuildConfiguration;
			baseConfigurationReference = 789F30E5C89FDCBDD0B98CE2 /* Pods-Ryuk.debug.xcconfig */;
			buildSettings = {
				ASSETCATALOG_COMPILER_APPICON_NAME = AppIcon;
				DEVELOPMENT_TEAM = DE9LJ533VH;
				INFOPLIST_FILE = Ryuk/Info.plist;
				IPHONEOS_DEPLOYMENT_TARGET = 9.0;
				LD_RUNPATH_SEARCH_PATHS = "$(inherited) @executable_path/Frameworks";
				PRODUCT_BUNDLE_IDENTIFIER = com.ryukiewang.test;
				PRODUCT_NAME = "$(TARGET_NAME)";
			};
			name = Debug;
		};
		A4C9EFF21EAD958B00DC6EAA /* Release */ = {
			isa = XCBuildConfiguration;
			baseConfigurationReference = C395411A88D6E6D1FAB95F0E /* Pods-Ryuk.release.xcconfig */;
			buildSettings = {
				ASSETCATALOG_COMPILER_APPICON_NAME = AppIcon;
				DEVELOPMENT_TEAM = DE9LJ533VH;
				INFOPLIST_FILE = Ryuk/Info.plist;
				IPHONEOS_DEPLOYMENT_TARGET = 9.0;
				LD_RUNPATH_SEARCH_PATHS = "$(inherited) @executable_path/Frameworks";
				PRODUCT_BUNDLE_IDENTIFIER = com.ryukiewang.test;
				PRODUCT_NAME = "$(TARGET_NAME)";
			};
			name = Release;
		};
/* End XCBuildConfiguration section */

/* Begin XCConfigurationList section */
		A4C9EFD41EAD958B00DC6EAA /* Build configuration list for PBXProject "Ryuk" */ = {
			isa = XCConfigurationList;
			buildConfigurations = (
				A4C9EFEE1EAD958B00DC6EAA /* Debug */,
				A4C9EFEF1EAD958B00DC6EAA /* Release */,
			);
			defaultConfigurationIsVisible = 0;
			defaultConfigurationName = Release;
		};
		A4C9EFF01EAD958B00DC6EAA /* Build configuration list for PBXNativeTarget "Ryuk" */ = {
			isa = XCConfigurationList;
			buildConfigurations = (
				A4C9EFF11EAD958B00DC6EAA /* Debug */,
				A4C9EFF21EAD958B00DC6EAA /* Release */,
			);
			defaultConfigurationIsVisible = 0;
			defaultConfigurationName = Release;
		};
/* End XCConfigurationList section */
	};
	rootObject = A4C9EFD11EAD958B00DC6EAA /* Project object */;
}
